
Microsoft Visual Studio Solution File, Format Version 12.00
# Visual Studio 15
VisualStudioVersion = 15.0.26124.0
MinimumVisualStudioVersion = 15.0.26124.0
Project("{2150E333-8FDC-42A3-9474-1A3956D46DE8}") = "src", "src", "{EC9592CB-C3F6-4E20-83BA-32B245282C32}"
EndProject
Project("{FAE04EC0-301F-11D3-BF4B-00C04F79EFBC}") = "NJ.Web.WebApi", "src\NJ.Web.WebApi\NJ.Web.WebApi.csproj", "{9F1D9480-5879-4F85-87C5-D73942629FA0}"
EndProject
Project("{2150E333-8FDC-42A3-9474-1A3956D46DE8}") = "test", "test", "{C2566EF0-C357-48F9-90EC-A852DE30EB23}"
EndProject
Project("{FAE04EC0-301F-11D3-BF4B-00C04F79EFBC}") = "NJ.Web.Tests", "test\NJ.Web.Tests\NJ.Web.Tests.csproj", "{1E2D9DF1-F532-4780-BFFA-D25EBE56B258}"
EndProject
Global
	GlobalSection(SolutionConfigurationPlatforms) = preSolution
		Debug|Any CPU = Debug|Any CPU
		Debug|x64 = Debug|x64
		Debug|x86 = Debug|x86
		Release|Any CPU = Release|Any CPU
		Release|x64 = Release|x64
		Release|x86 = Release|x86
	EndGlobalSection
	GlobalSection(SolutionProperties) = preSolution
		HideSolutionNode = FALSE
	EndGlobalSection
	GlobalSection(ProjectConfigurationPlatforms) = postSolution
		{9F1D9480-5879-4F85-87C5-D73942629FA0}.Debug|Any CPU.ActiveCfg = Debug|Any CPU
		{9F1D9480-5879-4F85-87C5-D73942629FA0}.Debug|Any CPU.Build.0 = Debug|Any CPU
		{9F1D9480-5879-4F85-87C5-D73942629FA0}.Debug|x64.ActiveCfg = Debug|Any CPU
		{9F1D9480-5879-4F85-87C5-D73942629FA0}.Debug|x64.Build.0 = Debug|Any CPU
		{9F1D9480-5879-4F85-87C5-D73942629FA0}.Debug|x86.ActiveCfg = Debug|Any CPU
		{9F1D9480-5879-4F85-87C5-D73942629FA0}.Debug|x86.Build.0 = Debug|Any CPU
		{9F1D9480-5879-4F85-87C5-D73942629FA0}.Release|Any CPU.ActiveCfg = Release|Any CPU
		{9F1D9480-5879-4F85-87C5-D73942629FA0}.Release|Any CPU.Build.0 = Release|Any CPU
		{9F1D9480-5879-4F85-87C5-D73942629FA0}.Release|x64.ActiveCfg = Release|Any CPU
		{9F1D9480-5879-4F85-87C5-D73942629FA0}.Release|x64.Build.0 = Release|Any CPU
		{9F1D9480-5879-4F85-87C5-D73942629FA0}.Release|x86.ActiveCfg = Release|Any CPU
		{9F1D9480-5879-4F85-87C5-D73942629FA0}.Release|x86.Build.0 = Release|Any CPU
		{1E2D9DF1-F532-4780-BFFA-D25EBE56B258}.Debug|Any CPU.ActiveCfg = Debug|Any CPU
		{1E2D9DF1-F532-4780-BFFA-D25EBE56B258}.Debug|Any CPU.Build.0 = Debug|Any CPU
		{1E2D9DF1-F532-4780-BFFA-D25EBE56B258}.Debug|x64.ActiveCfg = Debug|Any CPU
		{1E2D9DF1-F532-4780-BFFA-D25EBE56B258}.Debug|x64.Build.0 = Debug|Any CPU
		{1E2D9DF1-F532-4780-BFFA-D25EBE56B258}.Debug|x86.ActiveCfg = Debug|Any CPU
		{1E2D9DF1-F532-4780-BFFA-D25EBE56B258}.Debug|x86.Build.0 = Debug|Any CPU
		{1E2D9DF1-F532-4780-BFFA-D25EBE56B258}.Release|Any CPU.ActiveCfg = Release|Any CPU
		{1E2D9DF1-F532-4780-BFFA-D25EBE56B258}.Release|Any CPU.Build.0 = Release|Any CPU
		{1E2D9DF1-F532-4780-BFFA-D25EBE56B258}.Release|x64.ActiveCfg = Release|Any CPU
		{1E2D9DF1-F532-4780-BFFA-D25EBE56B258}.Release|x64.Build.0 = Release|Any CPU
		{1E2D9DF1-F532-4780-BFFA-D25EBE56B258}.Release|x86.ActiveCfg = Release|Any CPU
		{1E2D9DF1-F532-4780-BFFA-D25EBE56B258}.Release|x86.Build.0 = Release|Any CPU
	EndGlobalSection
	GlobalSection(NestedProjects) = preSolution
		{9F1D9480-5879-4F85-87C5-D73942629FA0} = {EC9592CB-C3F6-4E20-83BA-32B245282C32}
		{1E2D9DF1-F532-4780-BFFA-D25EBE56B258} = {C2566EF0-C357-48F9-90EC-A852DE30EB23}
	EndGlobalSection
EndGlobal
